{
  "nodes": {
    "nixpkgs": {
      "locked": {
        "lastModified": 1765644376,
        "narHash": "sha256-yqHBL2wYGwjGL2GUF2w3tofWl8qO9tZEuI4wSqbCrtE=",
        "rev": "23735a82a828372c4ef92c660864e82fbe2f5fbe",
        "revCount": 911335,
        "type": "tarball",
        "url": "https://api.flakehub.com/f/pinned/JHOFER-Cloud/NixOS-nixpkgs/0.1.911335%2Brev-23735a82a828372c4ef92c660864e82fbe2f5fbe/019b1def-8f5e-7a77-9f5f-a8c958299510/source.tar.gz"
      },
      "original": {
        "type": "tarball",
        "url": "https://flakehub.com/f/JHOFER-Cloud/NixOS-nixpkgs/0.1.tar.gz"
      }
    },
    "root": {
      "inputs": {
        "nixpkgs": "nixpkgs"
      }
    }
  },
  "root": "root",
  "version": 7
}
