{
  "nodes": {
    "nixpkgs": {
      "locked": {
        "lastModified": 1760533177,
        "narHash": "sha256-OwM1sFustLHx+xmTymhucZuNhtq98fHIbfO8Swm5L8A=",
        "rev": "35f590344ff791e6b1d6d6b8f3523467c9217caf",
        "revCount": 878136,
        "type": "tarball",
        "url": "https://api.flakehub.com/f/pinned/JHOFER-Cloud/NixOS-nixpkgs/0.1.878136%2Brev-35f590344ff791e6b1d6d6b8f3523467c9217caf/0199eb85-856d-7041-bc51-a17fc3f9a1a9/source.tar.gz"
      },
      "original": {
        "type": "tarball",
        "url": "https://flakehub.com/f/JHOFER-Cloud/NixOS-nixpkgs/0.1.tar.gz"
      }
    },
    "root": {
      "inputs": {
        "nixpkgs": "nixpkgs"
      }
    }
  },
  "root": "root",
  "version": 7
}
